// !$*UTF8*$!
{
	archiveVersion = 1;
	classes = {
	};
	objectVersion = 56;
	objects = {

/* Begin PBXBuildFile section */
		1B1028D32C2481170088A405 /* RootView.swift in Sources */ = {isa = PBXBuildFile; fileRef = 1B1028D22C2481170088A405 /* RootView.swift */; };
		1B8CBB432C248517000CE849 /* LaunchScreen.storyboard in Resources */ = {isa = PBXBuildFile; fileRef = 1B8CBB422C248517000CE849 /* LaunchScreen.storyboard */; };
		1B8CBB482C248957000CE849 /* LoginModel.swift in Sources */ = {isa = PBXBuildFile; fileRef = 1B8CBB472C248957000CE849 /* LoginModel.swift */; };
		1B8CBB4C2C2493F4000CE849 /* NoteModel.swift in Sources */ = {isa = PBXBuildFile; fileRef = 1B8CBB4B2C2493F4000CE849 /* NoteModel.swift */; };
		1B8CBB4F2C3516A7000CE849 /* CardModel.swift in Sources */ = {isa = PBXBuildFile; fileRef = 1B8CBB4E2C3516A7000CE849 /* CardModel.swift */; };
		1B8CBB512C3519AA000CE849 /* IdentityModel.swift in Sources */ = {isa = PBXBuildFile; fileRef = 1B8CBB502C3519AA000CE849 /* IdentityModel.swift */; };
		1B8CBB532C351C71000CE849 /* DocumentModel.swift in Sources */ = {isa = PBXBuildFile; fileRef = 1B8CBB522C351C71000CE849 /* DocumentModel.swift */; };
		1B8CBB552C351D19000CE849 /* AddressModel.swift in Sources */ = {isa = PBXBuildFile; fileRef = 1B8CBB542C351D19000CE849 /* AddressModel.swift */; };
		1B8CBB592C3C86F0000CE849 /* AccountModel.swift in Sources */ = {isa = PBXBuildFile; fileRef = 1B8CBB582C3C86F0000CE849 /* AccountModel.swift */; };
		1B8CBB5B2C3C8BEB000CE849 /* UserSettingsModel.swift in Sources */ = {isa = PBXBuildFile; fileRef = 1B8CBB5A2C3C8BEB000CE849 /* UserSettingsModel.swift */; };
		1B8CBB5D2C3C8CCB000CE849 /* UsernameModel.swift in Sources */ = {isa = PBXBuildFile; fileRef = 1B8CBB5C2C3C8CCB000CE849 /* UsernameModel.swift */; };
		1B8CBB5F2C3C8DFD000CE849 /* EmailModel.swift in Sources */ = {isa = PBXBuildFile; fileRef = 1B8CBB5E2C3C8DFD000CE849 /* EmailModel.swift */; };
		1B8CBB612C3DCE47000CE849 /* FolderModel.swift in Sources */ = {isa = PBXBuildFile; fileRef = 1B8CBB602C3DCE47000CE849 /* FolderModel.swift */; };
		1B8CBB702C421623000CE849 /* UserDataModel.swift in Sources */ = {isa = PBXBuildFile; fileRef = 1B8CBB6F2C421623000CE849 /* UserDataModel.swift */; };
		1B8CBB722C421B13000CE849 /* SettingModel.swift in Sources */ = {isa = PBXBuildFile; fileRef = 1B8CBB712C421B13000CE849 /* SettingModel.swift */; };
		1B8CBB742C4220C4000CE849 /* FolderContentModel.swift in Sources */ = {isa = PBXBuildFile; fileRef = 1B8CBB732C4220C4000CE849 /* FolderContentModel.swift */; };
		1B8CBB762C4220E6000CE849 /* FolderContentTypeModel.swift in Sources */ = {isa = PBXBuildFile; fileRef = 1B8CBB752C4220E6000CE849 /* FolderContentTypeModel.swift */; };
		1BF1A7D62A8E4F7C00663733 /* LocalPassApp.swift in Sources */ = {isa = PBXBuildFile; fileRef = 1BF1A7D52A8E4F7C00663733 /* LocalPassApp.swift */; };
		1BF1A7DA2A8E4F7D00663733 /* Assets.xcassets in Resources */ = {isa = PBXBuildFile; fileRef = 1BF1A7D92A8E4F7D00663733 /* Assets.xcassets */; };
		1BF1A7DD2A8E4F7D00663733 /* Preview Assets.xcassets in Resources */ = {isa = PBXBuildFile; fileRef = 1BF1A7DC2A8E4F7D00663733 /* Preview Assets.xcassets */; };
		1BF44F8B2C43281E001E6470 /* SuggestionSettingsModel.swift in Sources */ = {isa = PBXBuildFile; fileRef = 1BF44F8A2C43281E001E6470 /* SuggestionSettingsModel.swift */; };
		1BF44F8D2C43282A001E6470 /* RecycleBinSettingsModel.swift in Sources */ = {isa = PBXBuildFile; fileRef = 1BF44F8C2C43282A001E6470 /* RecycleBinSettingsModel.swift */; };
		1BF44F8F2C432838001E6470 /* EncryptionSettingsModel.swift in Sources */ = {isa = PBXBuildFile; fileRef = 1BF44F8E2C432838001E6470 /* EncryptionSettingsModel.swift */; };
		1BF44F912C432846001E6470 /* HomeViewSettingsModel.swift in Sources */ = {isa = PBXBuildFile; fileRef = 1BF44F902C432846001E6470 /* HomeViewSettingsModel.swift */; };
		1BF44F932C4B2800001E6470 /* BiometricSettingsModel.swift in Sources */ = {isa = PBXBuildFile; fileRef = 1BF44F922C4B2800001E6470 /* BiometricSettingsModel.swift */; };
		1BF44F982C4B4179001E6470 /* PermissionSettingsModel.swift in Sources */ = {isa = PBXBuildFile; fileRef = 1BF44F972C4B4179001E6470 /* PermissionSettingsModel.swift */; };
/* End PBXBuildFile section */

/* Begin PBXCopyFilesBuildPhase section */
		1B562D3C2ABF5AE1004D37A4 /* Embed Foundation Extensions */ = {
			isa = PBXCopyFilesBuildPhase;
			buildActionMask = 2147483647;
			dstPath = "";
			dstSubfolderSpec = 13;
			files = (
			);
			name = "Embed Foundation Extensions";
			runOnlyForDeploymentPostprocessing = 0;
		};
/* End PBXCopyFilesBuildPhase section */

/* Begin PBXFileReference section */
		1B1028D22C2481170088A405 /* RootView.swift */ = {isa = PBXFileReference; lastKnownFileType = sourcecode.swift; path = RootView.swift; sourceTree = "<group>"; };
		1B8CBB422C248517000CE849 /* LaunchScreen.storyboard */ = {isa = PBXFileReference; lastKnownFileType = file.storyboard; path = LaunchScreen.storyboard; sourceTree = "<group>"; };
		1B8CBB472C248957000CE849 /* LoginModel.swift */ = {isa = PBXFileReference; lastKnownFileType = sourcecode.swift; path = LoginModel.swift; sourceTree = "<group>"; };
		1B8CBB4B2C2493F4000CE849 /* NoteModel.swift */ = {isa = PBXFileReference; lastKnownFileType = sourcecode.swift; path = NoteModel.swift; sourceTree = "<group>"; };
		1B8CBB4E2C3516A7000CE849 /* CardModel.swift */ = {isa = PBXFileReference; lastKnownFileType = sourcecode.swift; path = CardModel.swift; sourceTree = "<group>"; };
		1B8CBB502C3519AA000CE849 /* IdentityModel.swift */ = {isa = PBXFileReference; lastKnownFileType = sourcecode.swift; path = IdentityModel.swift; sourceTree = "<group>"; };
		1B8CBB522C351C71000CE849 /* DocumentModel.swift */ = {isa = PBXFileReference; lastKnownFileType = sourcecode.swift; path = DocumentModel.swift; sourceTree = "<group>"; };
		1B8CBB542C351D19000CE849 /* AddressModel.swift */ = {isa = PBXFileReference; lastKnownFileType = sourcecode.swift; path = AddressModel.swift; sourceTree = "<group>"; };
		1B8CBB582C3C86F0000CE849 /* AccountModel.swift */ = {isa = PBXFileReference; lastKnownFileType = sourcecode.swift; path = AccountModel.swift; sourceTree = "<group>"; };
		1B8CBB5A2C3C8BEB000CE849 /* UserSettingsModel.swift */ = {isa = PBXFileReference; lastKnownFileType = sourcecode.swift; path = UserSettingsModel.swift; sourceTree = "<group>"; };
		1B8CBB5C2C3C8CCB000CE849 /* UsernameModel.swift */ = {isa = PBXFileReference; lastKnownFileType = sourcecode.swift; path = UsernameModel.swift; sourceTree = "<group>"; };
		1B8CBB5E2C3C8DFD000CE849 /* EmailModel.swift */ = {isa = PBXFileReference; lastKnownFileType = sourcecode.swift; path = EmailModel.swift; sourceTree = "<group>"; };
		1B8CBB602C3DCE47000CE849 /* FolderModel.swift */ = {isa = PBXFileReference; lastKnownFileType = sourcecode.swift; path = FolderModel.swift; sourceTree = "<group>"; };
		1B8CBB6F2C421623000CE849 /* UserDataModel.swift */ = {isa = PBXFileReference; lastKnownFileType = sourcecode.swift; path = UserDataModel.swift; sourceTree = "<group>"; };
		1B8CBB712C421B13000CE849 /* SettingModel.swift */ = {isa = PBXFileReference; lastKnownFileType = sourcecode.swift; path = SettingModel.swift; sourceTree = "<group>"; };
		1B8CBB732C4220C4000CE849 /* FolderContentModel.swift */ = {isa = PBXFileReference; fileEncoding = 4; lastKnownFileType = sourcecode.swift; path = FolderContentModel.swift; sourceTree = "<group>"; };
		1B8CBB752C4220E6000CE849 /* FolderContentTypeModel.swift */ = {isa = PBXFileReference; lastKnownFileType = sourcecode.swift; path = FolderContentTypeModel.swift; sourceTree = "<group>"; };
		1BCA01772AA7B42500CB5889 /* LocalPass.entitlements */ = {isa = PBXFileReference; lastKnownFileType = text.plist.entitlements; path = LocalPass.entitlements; sourceTree = "<group>"; };
		1BCA017C2AA7BC8D00CB5889 /* Info.plist */ = {isa = PBXFileReference; lastKnownFileType = text.plist.xml; path = Info.plist; sourceTree = "<group>"; };
		1BF1A7D22A8E4F7C00663733 /* LocalPass.app */ = {isa = PBXFileReference; explicitFileType = wrapper.application; includeInIndex = 0; path = LocalPass.app; sourceTree = BUILT_PRODUCTS_DIR; };
		1BF1A7D52A8E4F7C00663733 /* LocalPassApp.swift */ = {isa = PBXFileReference; lastKnownFileType = sourcecode.swift; path = LocalPassApp.swift; sourceTree = "<group>"; };
		1BF1A7D92A8E4F7D00663733 /* Assets.xcassets */ = {isa = PBXFileReference; lastKnownFileType = folder.assetcatalog; path = Assets.xcassets; sourceTree = "<group>"; };
		1BF1A7DC2A8E4F7D00663733 /* Preview Assets.xcassets */ = {isa = PBXFileReference; lastKnownFileType = folder.assetcatalog; path = "Preview Assets.xcassets"; sourceTree = "<group>"; };
		1BF44F8A2C43281E001E6470 /* SuggestionSettingsModel.swift */ = {isa = PBXFileReference; lastKnownFileType = sourcecode.swift; path = SuggestionSettingsModel.swift; sourceTree = "<group>"; };
		1BF44F8C2C43282A001E6470 /* RecycleBinSettingsModel.swift */ = {isa = PBXFileReference; lastKnownFileType = sourcecode.swift; path = RecycleBinSettingsModel.swift; sourceTree = "<group>"; };
		1BF44F8E2C432838001E6470 /* EncryptionSettingsModel.swift */ = {isa = PBXFileReference; lastKnownFileType = sourcecode.swift; path = EncryptionSettingsModel.swift; sourceTree = "<group>"; };
		1BF44F902C432846001E6470 /* HomeViewSettingsModel.swift */ = {isa = PBXFileReference; lastKnownFileType = sourcecode.swift; path = HomeViewSettingsModel.swift; sourceTree = "<group>"; };
		1BF44F922C4B2800001E6470 /* BiometricSettingsModel.swift */ = {isa = PBXFileReference; lastKnownFileType = sourcecode.swift; path = BiometricSettingsModel.swift; sourceTree = "<group>"; };
		1BF44F972C4B4179001E6470 /* PermissionSettingsModel.swift */ = {isa = PBXFileReference; lastKnownFileType = sourcecode.swift; path = PermissionSettingsModel.swift; sourceTree = "<group>"; };
/* End PBXFileReference section */

/* Begin PBXFrameworksBuildPhase section */
		1BF1A7CF2A8E4F7C00663733 /* Frameworks */ = {
			isa = PBXFrameworksBuildPhase;
			buildActionMask = 2147483647;
			files = (
			);
			runOnlyForDeploymentPostprocessing = 0;
		};
/* End PBXFrameworksBuildPhase section */

/* Begin PBXGroup section */
		1B1028D12C2480F60088A405 /* Views */ = {
			isa = PBXGroup;
			children = (
				1B8CBB4D2C2586A7000CE849 /* Styles */,
				1B1028D22C2481170088A405 /* RootView.swift */,
			);
			path = Views;
			sourceTree = "<group>";
		};
		1B8CBB442C2485C6000CE849 /* ViewModels */ = {
			isa = PBXGroup;
			children = (
			);
			path = ViewModels;
			sourceTree = "<group>";
		};
		1B8CBB452C2485CC000CE849 /* Models */ = {
			isa = PBXGroup;
			children = (
				1B8CBB792C4221CE000CE849 /* UserData */,
				1B8CBB772C4221A1000CE849 /* Folders */,
				1B8CBB782C4221AC000CE849 /* UserSettings */,
			);
			path = Models;
			sourceTree = "<group>";
		};
		1B8CBB462C2485D3000CE849 /* DataServices */ = {
			isa = PBXGroup;
			children = (
			);
			path = DataServices;
			sourceTree = "<group>";
		};
		1B8CBB4D2C2586A7000CE849 /* Styles */ = {
			isa = PBXGroup;
			children = (
			);
			path = Styles;
			sourceTree = "<group>";
		};
		1B8CBB772C4221A1000CE849 /* Folders */ = {
			isa = PBXGroup;
			children = (
				1B8CBB602C3DCE47000CE849 /* FolderModel.swift */,
				1B8CBB732C4220C4000CE849 /* FolderContentModel.swift */,
				1B8CBB752C4220E6000CE849 /* FolderContentTypeModel.swift */,
			);
			path = Folders;
			sourceTree = "<group>";
		};
		1B8CBB782C4221AC000CE849 /* UserSettings */ = {
			isa = PBXGroup;
			children = (
				1BF44F882C4327E4001E6470 /* SupportingModels */,
				1B8CBB712C421B13000CE849 /* SettingModel.swift */,
				1B8CBB5A2C3C8BEB000CE849 /* UserSettingsModel.swift */,
			);
			path = UserSettings;
			sourceTree = "<group>";
		};
		1B8CBB792C4221CE000CE849 /* UserData */ = {
			isa = PBXGroup;
			children = (
				1B8CBB6F2C421623000CE849 /* UserDataModel.swift */,
				1B8CBB7A2C4221EE000CE849 /* FolderContent */,
			);
			path = UserData;
			sourceTree = "<group>";
		};
		1B8CBB7A2C4221EE000CE849 /* FolderContent */ = {
			isa = PBXGroup;
			children = (
				1B8CBB7B2C4221F5000CE849 /* SupportingModels */,
				1B8CBB472C248957000CE849 /* LoginModel.swift */,
				1B8CBB582C3C86F0000CE849 /* AccountModel.swift */,
				1B8CBB4B2C2493F4000CE849 /* NoteModel.swift */,
				1B8CBB4E2C3516A7000CE849 /* CardModel.swift */,
				1B8CBB502C3519AA000CE849 /* IdentityModel.swift */,
				1B8CBB522C351C71000CE849 /* DocumentModel.swift */,
				1B8CBB542C351D19000CE849 /* AddressModel.swift */,
			);
			path = FolderContent;
			sourceTree = "<group>";
		};
		1B8CBB7B2C4221F5000CE849 /* SupportingModels */ = {
			isa = PBXGroup;
			children = (
				1B8CBB5E2C3C8DFD000CE849 /* EmailModel.swift */,
				1B8CBB5C2C3C8CCB000CE849 /* UsernameModel.swift */,
			);
			path = SupportingModels;
			sourceTree = "<group>";
		};
		1BF1A7C92A8E4F7C00663733 = {
			isa = PBXGroup;
			children = (
				1BF1A7D42A8E4F7C00663733 /* LocalPass */,
				1BF1A7D32A8E4F7C00663733 /* Products */,
			);
			sourceTree = "<group>";
		};
		1BF1A7D32A8E4F7C00663733 /* Products */ = {
			isa = PBXGroup;
			children = (
				1BF1A7D22A8E4F7C00663733 /* LocalPass.app */,
			);
			name = Products;
			sourceTree = "<group>";
		};
		1BF1A7D42A8E4F7C00663733 /* LocalPass */ = {
			isa = PBXGroup;
			children = (
				1BCA017C2AA7BC8D00CB5889 /* Info.plist */,
				1BCA01772AA7B42500CB5889 /* LocalPass.entitlements */,
				1BF1A7D92A8E4F7D00663733 /* Assets.xcassets */,
				1B8CBB422C248517000CE849 /* LaunchScreen.storyboard */,
				1BF1A7D52A8E4F7C00663733 /* LocalPassApp.swift */,
				1BF1A7DB2A8E4F7D00663733 /* Preview Content */,
				1B8CBB462C2485D3000CE849 /* DataServices */,
				1B8CBB452C2485CC000CE849 /* Models */,
				1B1028D12C2480F60088A405 /* Views */,
				1B8CBB442C2485C6000CE849 /* ViewModels */,
			);
			path = LocalPass;
			sourceTree = "<group>";
		};
		1BF1A7DB2A8E4F7D00663733 /* Preview Content */ = {
			isa = PBXGroup;
			children = (
				1BF1A7DC2A8E4F7D00663733 /* Preview Assets.xcassets */,
			);
			path = "Preview Content";
			sourceTree = "<group>";
		};
		1BF44F882C4327E4001E6470 /* SupportingModels */ = {
			isa = PBXGroup;
			children = (
				1BF44F8A2C43281E001E6470 /* SuggestionSettingsModel.swift */,
				1BF44F8C2C43282A001E6470 /* RecycleBinSettingsModel.swift */,
				1BF44F8E2C432838001E6470 /* EncryptionSettingsModel.swift */,
				1BF44F902C432846001E6470 /* HomeViewSettingsModel.swift */,
				1BF44F922C4B2800001E6470 /* BiometricSettingsModel.swift */,
				1BF44F972C4B4179001E6470 /* PermissionSettingsModel.swift */,
			);
			path = SupportingModels;
			sourceTree = "<group>";
		};
/* End PBXGroup section */

/* Begin PBXNativeTarget section */
		1BF1A7D12A8E4F7C00663733 /* LocalPass */ = {
			isa = PBXNativeTarget;
			buildConfigurationList = 1BF1A7E02A8E4F7D00663733 /* Build configuration list for PBXNativeTarget "LocalPass" */;
			buildPhases = (
				1BF1A7CE2A8E4F7C00663733 /* Sources */,
				1BF1A7CF2A8E4F7C00663733 /* Frameworks */,
				1BF1A7D02A8E4F7C00663733 /* Resources */,
				1B562D3C2ABF5AE1004D37A4 /* Embed Foundation Extensions */,
			);
			buildRules = (
			);
			dependencies = (
			);
			name = LocalPass;
			productName = LocalPass;
			productReference = 1BF1A7D22A8E4F7C00663733 /* LocalPass.app */;
			productType = "com.apple.product-type.application";
		};
/* End PBXNativeTarget section */

/* Begin PBXProject section */
		1BF1A7CA2A8E4F7C00663733 /* Project object */ = {
			isa = PBXProject;
			attributes = {
				BuildIndependentTargetsInParallel = 1;
				LastSwiftUpdateCheck = 1430;
				LastUpgradeCheck = 1540;
				TargetAttributes = {
					1BF1A7D12A8E4F7C00663733 = {
						CreatedOnToolsVersion = 14.3.1;
					};
				};
			};
			buildConfigurationList = 1BF1A7CD2A8E4F7C00663733 /* Build configuration list for PBXProject "LocalPass" */;
			compatibilityVersion = "Xcode 14.0";
			developmentRegion = en;
			hasScannedForEncodings = 0;
			knownRegions = (
				en,
				Base,
			);
			mainGroup = 1BF1A7C92A8E4F7C00663733;
			productRefGroup = 1BF1A7D32A8E4F7C00663733 /* Products */;
			projectDirPath = "";
			projectRoot = "";
			targets = (
				1BF1A7D12A8E4F7C00663733 /* LocalPass */,
			);
		};
/* End PBXProject section */

/* Begin PBXResourcesBuildPhase section */
		1BF1A7D02A8E4F7C00663733 /* Resources */ = {
			isa = PBXResourcesBuildPhase;
			buildActionMask = 2147483647;
			files = (
				1B8CBB432C248517000CE849 /* LaunchScreen.storyboard in Resources */,
				1BF1A7DD2A8E4F7D00663733 /* Preview Assets.xcassets in Resources */,
				1BF1A7DA2A8E4F7D00663733 /* Assets.xcassets in Resources */,
			);
			runOnlyForDeploymentPostprocessing = 0;
		};
/* End PBXResourcesBuildPhase section */

/* Begin PBXSourcesBuildPhase section */
		1BF1A7CE2A8E4F7C00663733 /* Sources */ = {
			isa = PBXSourcesBuildPhase;
			buildActionMask = 2147483647;
			files = (
				1B8CBB722C421B13000CE849 /* SettingModel.swift in Sources */,
				1B8CBB4C2C2493F4000CE849 /* NoteModel.swift in Sources */,
				1B8CBB5F2C3C8DFD000CE849 /* EmailModel.swift in Sources */,
				1B1028D32C2481170088A405 /* RootView.swift in Sources */,
				1B8CBB5B2C3C8BEB000CE849 /* UserSettingsModel.swift in Sources */,
				1BF44F932C4B2800001E6470 /* BiometricSettingsModel.swift in Sources */,
				1B8CBB482C248957000CE849 /* LoginModel.swift in Sources */,
				1B8CBB612C3DCE47000CE849 /* FolderModel.swift in Sources */,
				1BF44F912C432846001E6470 /* HomeViewSettingsModel.swift in Sources */,
				1BF1A7D62A8E4F7C00663733 /* LocalPassApp.swift in Sources */,
				1B8CBB762C4220E6000CE849 /* FolderContentTypeModel.swift in Sources */,
				1BF44F8F2C432838001E6470 /* EncryptionSettingsModel.swift in Sources */,
				1BF44F8D2C43282A001E6470 /* RecycleBinSettingsModel.swift in Sources */,
				1B8CBB552C351D19000CE849 /* AddressModel.swift in Sources */,
				1B8CBB592C3C86F0000CE849 /* AccountModel.swift in Sources */,
				1B8CBB5D2C3C8CCB000CE849 /* UsernameModel.swift in Sources */,
				1BF44F982C4B4179001E6470 /* PermissionSettingsModel.swift in Sources */,
				1B8CBB512C3519AA000CE849 /* IdentityModel.swift in Sources */,
				1B8CBB702C421623000CE849 /* UserDataModel.swift in Sources */,
				1BF44F8B2C43281E001E6470 /* SuggestionSettingsModel.swift in Sources */,
				1B8CBB4F2C3516A7000CE849 /* CardModel.swift in Sources */,
				1B8CBB532C351C71000CE849 /* DocumentModel.swift in Sources */,
				1B8CBB742C4220C4000CE849 /* FolderContentModel.swift in Sources */,
			);
			runOnlyForDeploymentPostprocessing = 0;
		};
/* End PBXSourcesBuildPhase section */

/* Begin XCBuildConfiguration section */
		1BF1A7DE2A8E4F7D00663733 /* Debug */ = {
			isa = XCBuildConfiguration;
			buildSettings = {
				ALWAYS_SEARCH_USER_PATHS = NO;
				CLANG_ANALYZER_NONNULL = YES;
				CLANG_ANALYZER_NUMBER_OBJECT_CONVERSION = YES_AGGRESSIVE;
				CLANG_CXX_LANGUAGE_STANDARD = "gnu++20";
				CLANG_ENABLE_MODULES = YES;
				CLANG_ENABLE_OBJC_ARC = YES;
				CLANG_ENABLE_OBJC_WEAK = YES;
				CLANG_WARN_BLOCK_CAPTURE_AUTORELEASING = YES;
				CLANG_WARN_BOOL_CONVERSION = YES;
				CLANG_WARN_COMMA = YES;
				CLANG_WARN_CONSTANT_CONVERSION = YES;
				CLANG_WARN_DEPRECATED_OBJC_IMPLEMENTATIONS = YES;
				CLANG_WARN_DIRECT_OBJC_ISA_USAGE = YES_ERROR;
				CLANG_WARN_DOCUMENTATION_COMMENTS = YES;
				CLANG_WARN_EMPTY_BODY = YES;
				CLANG_WARN_ENUM_CONVERSION = YES;
				CLANG_WARN_INFINITE_RECURSION = YES;
				CLANG_WARN_INT_CONVERSION = YES;
				CLANG_WARN_NON_LITERAL_NULL_CONVERSION = YES;
				CLANG_WARN_OBJC_IMPLICIT_RETAIN_SELF = YES;
				CLANG_WARN_OBJC_LITERAL_CONVERSION = YES;
				CLANG_WARN_OBJC_ROOT_CLASS = YES_ERROR;
				CLANG_WARN_QUOTED_INCLUDE_IN_FRAMEWORK_HEADER = YES;
				CLANG_WARN_RANGE_LOOP_ANALYSIS = YES;
				CLANG_WARN_STRICT_PROTOTYPES = YES;
				CLANG_WARN_SUSPICIOUS_MOVE = YES;
				CLANG_WARN_UNGUARDED_AVAILABILITY = YES_AGGRESSIVE;
				CLANG_WARN_UNREACHABLE_CODE = YES;
				CLANG_WARN__DUPLICATE_METHOD_MATCH = YES;
				COPY_PHASE_STRIP = NO;
				DEBUG_INFORMATION_FORMAT = dwarf;
				ENABLE_STRICT_OBJC_MSGSEND = YES;
				ENABLE_TESTABILITY = YES;
				ENABLE_USER_SCRIPT_SANDBOXING = YES;
				GCC_C_LANGUAGE_STANDARD = gnu11;
				GCC_DYNAMIC_NO_PIC = NO;
				GCC_NO_COMMON_BLOCKS = YES;
				GCC_OPTIMIZATION_LEVEL = 0;
				GCC_PREPROCESSOR_DEFINITIONS = (
					"DEBUG=1",
					"$(inherited)",
				);
				GCC_WARN_64_TO_32_BIT_CONVERSION = YES;
				GCC_WARN_ABOUT_RETURN_TYPE = YES_ERROR;
				GCC_WARN_UNDECLARED_SELECTOR = YES;
				GCC_WARN_UNINITIALIZED_AUTOS = YES_AGGRESSIVE;
				GCC_WARN_UNUSED_FUNCTION = YES;
				GCC_WARN_UNUSED_VARIABLE = YES;
				IPHONEOS_DEPLOYMENT_TARGET = 16.0;
				MTL_ENABLE_DEBUG_INFO = INCLUDE_SOURCE;
				MTL_FAST_MATH = YES;
				ONLY_ACTIVE_ARCH = YES;
				SDKROOT = iphoneos;
				SWIFT_ACTIVE_COMPILATION_CONDITIONS = DEBUG;
				SWIFT_OPTIMIZATION_LEVEL = "-Onone";
			};
			name = Debug;
		};
		1BF1A7DF2A8E4F7D00663733 /* Release */ = {
			isa = XCBuildConfiguration;
			buildSettings = {
				ALWAYS_SEARCH_USER_PATHS = NO;
				CLANG_ANALYZER_NONNULL = YES;
				CLANG_ANALYZER_NUMBER_OBJECT_CONVERSION = YES_AGGRESSIVE;
				CLANG_CXX_LANGUAGE_STANDARD = "gnu++20";
				CLANG_ENABLE_MODULES = YES;
				CLANG_ENABLE_OBJC_ARC = YES;
				CLANG_ENABLE_OBJC_WEAK = YES;
				CLANG_WARN_BLOCK_CAPTURE_AUTORELEASING = YES;
				CLANG_WARN_BOOL_CONVERSION = YES;
				CLANG_WARN_COMMA = YES;
				CLANG_WARN_CONSTANT_CONVERSION = YES;
				CLANG_WARN_DEPRECATED_OBJC_IMPLEMENTATIONS = YES;
				CLANG_WARN_DIRECT_OBJC_ISA_USAGE = YES_ERROR;
				CLANG_WARN_DOCUMENTATION_COMMENTS = YES;
				CLANG_WARN_EMPTY_BODY = YES;
				CLANG_WARN_ENUM_CONVERSION = YES;
				CLANG_WARN_INFINITE_RECURSION = YES;
				CLANG_WARN_INT_CONVERSION = YES;
				CLANG_WARN_NON_LITERAL_NULL_CONVERSION = YES;
				CLANG_WARN_OBJC_IMPLICIT_RETAIN_SELF = YES;
				CLANG_WARN_OBJC_LITERAL_CONVERSION = YES;
				CLANG_WARN_OBJC_ROOT_CLASS = YES_ERROR;
				CLANG_WARN_QUOTED_INCLUDE_IN_FRAMEWORK_HEADER = YES;
				CLANG_WARN_RANGE_LOOP_ANALYSIS = YES;
				CLANG_WARN_STRICT_PROTOTYPES = YES;
				CLANG_WARN_SUSPICIOUS_MOVE = YES;
				CLANG_WARN_UNGUARDED_AVAILABILITY = YES_AGGRESSIVE;
				CLANG_WARN_UNREACHABLE_CODE = YES;
				CLANG_WARN__DUPLICATE_METHOD_MATCH = YES;
				COPY_PHASE_STRIP = NO;
				DEBUG_INFORMATION_FORMAT = "dwarf-with-dsym";
				ENABLE_NS_ASSERTIONS = NO;
				ENABLE_STRICT_OBJC_MSGSEND = YES;
				ENABLE_USER_SCRIPT_SANDBOXING = YES;
				GCC_C_LANGUAGE_STANDARD = gnu11;
				GCC_NO_COMMON_BLOCKS = YES;
				GCC_WARN_64_TO_32_BIT_CONVERSION = YES;
				GCC_WARN_ABOUT_RETURN_TYPE = YES_ERROR;
				GCC_WARN_UNDECLARED_SELECTOR = YES;
				GCC_WARN_UNINITIALIZED_AUTOS = YES_AGGRESSIVE;
				GCC_WARN_UNUSED_FUNCTION = YES;
				GCC_WARN_UNUSED_VARIABLE = YES;
				IPHONEOS_DEPLOYMENT_TARGET = 16.0;
				MTL_ENABLE_DEBUG_INFO = NO;
				MTL_FAST_MATH = YES;
				SDKROOT = iphoneos;
				SWIFT_COMPILATION_MODE = wholemodule;
				SWIFT_OPTIMIZATION_LEVEL = "-O";
				VALIDATE_PRODUCT = YES;
			};
			name = Release;
		};
		1BF1A7E12A8E4F7D00663733 /* Debug */ = {
			isa = XCBuildConfiguration;
			buildSettings = {
				ASSETCATALOG_COMPILER_APPICON_NAME = AppIcon;
				ASSETCATALOG_COMPILER_GLOBAL_ACCENT_COLOR_NAME = AccentColor;
				CODE_SIGN_ENTITLEMENTS = LocalPass/LocalPass.entitlements;
				CODE_SIGN_IDENTITY = "Apple Development";
				CODE_SIGN_STYLE = Automatic;
				CURRENT_PROJECT_VERSION = 19;
				DEVELOPMENT_ASSET_PATHS = "\"LocalPass/Preview Content\"";
				DEVELOPMENT_TEAM = WAFD9G7398;
				ENABLE_PREVIEWS = YES;
				GENERATE_INFOPLIST_FILE = YES;
				INFOPLIST_FILE = LocalPass/Info.plist;
				INFOPLIST_KEY_CFBundleDisplayName = LocalPass;
				INFOPLIST_KEY_LSApplicationCategoryType = "public.app-category.utilities";
				INFOPLIST_KEY_NSFaceIDUsageDescription = "For accessing your LocalPass Vault.";
				INFOPLIST_KEY_UIApplicationSceneManifest_Generation = YES;
				INFOPLIST_KEY_UIApplicationSupportsIndirectInputEvents = YES;
				INFOPLIST_KEY_UILaunchScreen_Generation = YES;
				INFOPLIST_KEY_UILaunchStoryboardName = LaunchScreen.storyboard;
				INFOPLIST_KEY_UISupportedInterfaceOrientations = "UIInterfaceOrientationLandscapeLeft UIInterfaceOrientationLandscapeRight UIInterfaceOrientationPortrait UIInterfaceOrientationPortraitUpsideDown";
				IPHONEOS_DEPLOYMENT_TARGET = 16.0;
				LD_RUNPATH_SEARCH_PATHS = (
					"$(inherited)",
					"@executable_path/Frameworks",
				);
				MARKETING_VERSION = 2.0;
				PRODUCT_BUNDLE_IDENTIFIER = com.reuben.LocalPass;
				PRODUCT_NAME = "$(TARGET_NAME)";
				PROVISIONING_PROFILE_SPECIFIER = "";
				SWIFT_EMIT_LOC_STRINGS = YES;
				SWIFT_VERSION = 5.0;
				TARGETED_DEVICE_FAMILY = "1,2";
			};
			name = Debug;
		};
		1BF1A7E22A8E4F7D00663733 /* Release */ = {
			isa = XCBuildConfiguration;
			buildSettings = {
				ASSETCATALOG_COMPILER_APPICON_NAME = AppIcon;
				ASSETCATALOG_COMPILER_GLOBAL_ACCENT_COLOR_NAME = AccentColor;
				CODE_SIGN_ENTITLEMENTS = LocalPass/LocalPass.entitlements;
				CODE_SIGN_IDENTITY = "Apple Development";
				CODE_SIGN_STYLE = Automatic;
				CURRENT_PROJECT_VERSION = 19;
				DEVELOPMENT_ASSET_PATHS = "\"LocalPass/Preview Content\"";
				DEVELOPMENT_TEAM = WAFD9G7398;
				ENABLE_PREVIEWS = YES;
				GENERATE_INFOPLIST_FILE = YES;
				INFOPLIST_FILE = LocalPass/Info.plist;
				INFOPLIST_KEY_CFBundleDisplayName = LocalPass;
				INFOPLIST_KEY_LSApplicationCategoryType = "public.app-category.utilities";
				INFOPLIST_KEY_NSFaceIDUsageDescription = "For accessing your LocalPass Vault.";
				INFOPLIST_KEY_UIApplicationSceneManifest_Generation = YES;
				INFOPLIST_KEY_UIApplicationSupportsIndirectInputEvents = YES;
				INFOPLIST_KEY_UILaunchScreen_Generation = YES;
				INFOPLIST_KEY_UILaunchStoryboardName = LaunchScreen.storyboard;
				INFOPLIST_KEY_UISupportedInterfaceOrientations = "UIInterfaceOrientationLandscapeLeft UIInterfaceOrientationLandscapeRight UIInterfaceOrientationPortrait UIInterfaceOrientationPortraitUpsideDown";
				IPHONEOS_DEPLOYMENT_TARGET = 16.0;
				LD_RUNPATH_SEARCH_PATHS = (
					"$(inherited)",
					"@executable_path/Frameworks",
				);
				MARKETING_VERSION = 2.0;
				PRODUCT_BUNDLE_IDENTIFIER = com.reuben.LocalPass;
				PRODUCT_NAME = "$(TARGET_NAME)";
				PROVISIONING_PROFILE_SPECIFIER = "";
				SWIFT_EMIT_LOC_STRINGS = YES;
				SWIFT_VERSION = 5.0;
				TARGETED_DEVICE_FAMILY = "1,2";
			};
			name = Release;
		};
/* End XCBuildConfiguration section */

/* Begin XCConfigurationList section */
		1BF1A7CD2A8E4F7C00663733 /* Build configuration list for PBXProject "LocalPass" */ = {
			isa = XCConfigurationList;
			buildConfigurations = (
				1BF1A7DE2A8E4F7D00663733 /* Debug */,
				1BF1A7DF2A8E4F7D00663733 /* Release */,
			);
			defaultConfigurationIsVisible = 0;
			defaultConfigurationName = Release;
		};
		1BF1A7E02A8E4F7D00663733 /* Build configuration list for PBXNativeTarget "LocalPass" */ = {
			isa = XCConfigurationList;
			buildConfigurations = (
				1BF1A7E12A8E4F7D00663733 /* Debug */,
				1BF1A7E22A8E4F7D00663733 /* Release */,
			);
			defaultConfigurationIsVisible = 0;
			defaultConfigurationName = Release;
		};
/* End XCConfigurationList section */
	};
	rootObject = 1BF1A7CA2A8E4F7C00663733 /* Project object */;
}
